
Microsoft Visual Studio Solution File, Format Version 12.00
# Visual Studio Version 17
VisualStudioVersion = 17.11.35327.3
MinimumVisualStudioVersion = 10.0.40219.1
Project("{8BC9CEB8-8B4A-11D0-8D11-00A0C91BC942}") = "mc", "mc\mc.vcxproj", "{CB0CCD8E-482F-43B8-84A3-923E597F1706}"
EndProject
Global
	GlobalSection(SolutionConfigurationPlatforms) = preSolution
		Debug|x64 = Debug|x64
		Debug|x86 = Debug|x86
		Release|x64 = Release|x64
		Release|x86 = Release|x86
	EndGlobalSection
	GlobalSection(ProjectConfigurationPlatforms) = postSolution
		{CB0CCD8E-482F-43B8-84A3-923E597F1706}.Debug|x64.ActiveCfg = Debug|x64
		{CB0CCD8E-482F-43B8-84A3-923E597F1706}.Debug|x64.Build.0 = Debug|x64
		{CB0CCD8E-482F-43B8-84A3-923E597F1706}.Debug|x86.ActiveCfg = Debug|Win32
		{CB0CCD8E-482F-43B8-84A3-923E597F1706}.Debug|x86.Build.0 = Debug|Win32
		{CB0CCD8E-482F-43B8-84A3-923E597F1706}.Release|x64.ActiveCfg = Release|x64
		{CB0CCD8E-482F-43B8-84A3-923E597F1706}.Release|x64.Build.0 = Release|x64
		{CB0CCD8E-482F-43B8-84A3-923E597F1706}.Release|x86.ActiveCfg = Release|Win32
		{CB0CCD8E-482F-43B8-84A3-923E597F1706}.Release|x86.Build.0 = Release|Win32
	EndGlobalSection
	GlobalSection(SolutionProperties) = preSolution
		HideSolutionNode = FALSE
	EndGlobalSection
	GlobalSection(ExtensibilityGlobals) = postSolution
		SolutionGuid = {8ABC3D20-D569-4447-A278-83B85C4A65DB}
	EndGlobalSection
EndGlobal
